{
  "version": 4,
  "terraform_version": "1.13.0",
  "serial": 44,
  "lineage": "6637bac4-63fe-1a79-fffe-0a4dae4e9834",
  "outputs": {
    "gke_cluster_name": {
      "value": "terraform-cluster-lab-5",
      "type": "string"
    },
    "gke_endpoint": {
      "value": "34.95.210.83",
      "type": "string"
    },
    "gke_node_count": {
      "value": 1,
      "type": "number"
    },
    "gke_node_pool": {
      "value": "terraform-cluster-lab-5-pool",
      "type": "string"
    },
    "pubsub_subscription": {
      "value": "api-events-sub",
      "type": "string"
    },
    "pubsub_topic": {
      "value": "api-events",
      "type": "string"
    },
    "sql_connection": {
      "value": "devops-466923:southamerica-east1:lab-postgres",
      "type": "string"
    },
    "sql_database": {
      "value": "appdb",
      "type": "string"
    },
    "sql_public_ip": {
      "value": "34.39.155.193",
      "type": "string"
    },
    "sql_user": {
      "value": "appuser",
      "type": "string"
    }
  },
  "resources": [
    {
      "module": "module.gke",
      "mode": "managed",
      "type": "google_container_cluster",
      "name": "primary",
      "provider": "provider[\"registry.terraform.io/hashicorp/google\"]",
      "instances": [
        {
          "schema_version": 2,
          "attributes": {
            "addons_config": [
              {
                "cloudrun_config": [],
                "config_connector_config": [],
                "dns_cache_config": [],
                "gce_persistent_disk_csi_driver_config": [
                  {
                    "enabled": true
                  }
                ],
                "gcp_filestore_csi_driver_config": [],
                "gcs_fuse_csi_driver_config": [],
                "gke_backup_agent_config": [],
                "horizontal_pod_autoscaling": [],
                "http_load_balancing": [],
                "network_policy_config": [
                  {
                    "disabled": true
                  }
                ],
                "ray_operator_config": [],
                "stateful_ha_config": []
              }
            ],
            "allow_net_admin": null,
            "authenticator_groups_config": [],
            "binary_authorization": [
              {
                "enabled": false,
                "evaluation_mode": ""
              }
            ],
            "cluster_autoscaling": [
              {
                "auto_provisioning_defaults": [],
                "auto_provisioning_locations": [],
                "autoscaling_profile": "BALANCED",
                "enabled": false,
                "resource_limits": []
              }
            ],
            "cluster_ipv4_cidr": "10.40.0.0/14",
            "confidential_nodes": [],
            "cost_management_config": [],
            "database_encryption": [
              {
                "key_name": "",
                "state": "DECRYPTED"
              }
            ],
            "datapath_provider": "",
            "default_max_pods_per_node": 110,
            "default_snat_status": [
              {
                "disabled": false
              }
            ],
            "deletion_protection": false,
            "description": "",
            "dns_config": [],
            "enable_autopilot": false,
            "enable_cilium_clusterwide_network_policy": false,
            "enable_intranode_visibility": false,
            "enable_k8s_beta_apis": [],
            "enable_kubernetes_alpha": false,
            "enable_l4_ilb_subsetting": false,
            "enable_legacy_abac": false,
            "enable_multi_networking": false,
            "enable_shielded_nodes": true,
            "enable_tpu": false,
            "endpoint": "34.95.210.83",
            "fleet": [],
            "gateway_api_config": [],
            "id": "projects/devops-466923/locations/southamerica-east1/clusters/terraform-cluster-lab-5",
            "identity_service_config": [],
            "initial_node_count": 1,
            "ip_allocation_policy": [
              {
                "additional_pod_ranges_config": [],
                "cluster_ipv4_cidr_block": "10.40.0.0/14",
                "cluster_secondary_range_name": "gke-terraform-cluster-lab-5-pods-f7070e1e",
                "pod_cidr_overprovision_config": [
                  {
                    "disabled": false
                  }
                ],
                "services_ipv4_cidr_block": "34.118.224.0/20",
                "services_secondary_range_name": "",
                "stack_type": "IPV4"
              }
            ],
            "label_fingerprint": "a9dc16a7",
            "location": "southamerica-east1",
            "logging_config": [
              {
                "enable_components": [
                  "SYSTEM_COMPONENTS",
                  "WORKLOADS"
                ]
              }
            ],
            "logging_service": "logging.googleapis.com/kubernetes",
            "maintenance_policy": [],
            "master_auth": [
              {
                "client_certificate": "",
                "client_certificate_config": [
                  {
                    "issue_client_certificate": false
                  }
                ],
                "client_key": "",
                "cluster_ca_certificate": "LS0tLS1CRUdJTiBDRVJUSUZJQ0FURS0tLS0tCk1JSUVMVENDQXBXZ0F3SUJBZ0lSQUxrT3duSE9iMlZSUnpwT2E2QTN1TTh3RFFZSktvWklodmNOQVFFTEJRQXcKTHpFdE1Dc0dBMVVFQXhNa1l6QTBabVUyTWpndE5UZzJZUzAwT1dFd0xUazVZMk10T0RRME9ERTFPR1JoTTJaawpNQ0FYRFRJMU1EZ3lOVEU0TURNeE1Wb1lEekl3TlRVd09ERTRNVGt3TXpFeFdqQXZNUzB3S3dZRFZRUURFeVJqCk1EUm1aVFl5T0MwMU9EWmhMVFE1WVRBdE9UbGpZeTA0TkRRNE1UVTRaR0V6Wm1Rd2dnR2lNQTBHQ1NxR1NJYjMKRFFFQkFRVUFBNElCandBd2dnR0tBb0lCZ1FDMUE5N0VtSHlmUTVEUm9WMmVoWmZDdlQzY2dmMHV4L1Jkak9RbQpYUVRrMnVnZys4TXdlS1ZCbFpsTGZlS1lReHhsTWlrUElhM0VVZUNXeXlzalI2Zkh3UmFlMDFXTzlMQjhTem4wCmRqYVVqakFLWUswc2FPSVBVRitUcGlHU2R5bHdHTUNhdnBpOG95Uk9hd0R5WlIxUjRFaExUYkFEcWlGY3l3eGoKcGFETFBkV1FyazJXdTdZZ2V4NEltcUZ3U1d4NXZyVy9nUVdUUGhjVTBCZWZxTEdGTENnV3VYNkJtQy94azhMUwpXT05YakdGTEtvN0RyTHBjWlhrOCtXU1VXQU1aNGpEMUErMnk4bHJLdmFteWd2bnhtdjIwQ1o4ZUhLTkZlT2ZqClpQV3Z6MDlud1ZRNjJpVDNwZTNsV1E5NkRFWU1oSGtuMXJqbG5McFhYQ2ZDM2JqeWIxNWZxRDdMcjlVeWxUM1oKN21jdVVJL2MycDUwMUZ4dTNTM3p6eVo1NmhtWjBPM3ZVTEtNMG1aU0JlUnJic0xyOEw1ZmdNbTlGZFM4ZVVsdApxZHZzdTVTS1JTdFluZ0xNTVlrK0Voc0xHRmRCVEVib1lXeGIwMUJOM2dNRDBjSHh5VUpCVEJNWVd5WWNvdk9VCmpQbTE1bkZyeXFkOUVVUHJlekFqcXNyTjI0RUNBd0VBQWFOQ01FQXdEZ1lEVlIwUEFRSC9CQVFEQWdJRU1BOEcKQTFVZEV3RUIvd1FGTUFNQkFmOHdIUVlEVlIwT0JCWUVGSDE3TUlMaU01WkQwYzZ2dzB1Y01LOHpEeFZZTUEwRwpDU3FHU0liM0RRRUJDd1VBQTRJQmdRQlJZZFh2SmtvTUZZNlB6SndmcnR1cndEK1hVZjJTSkUyYWw1Um96T3Q5Ci9RMDF4VWJhd3VkR08rYXFaaC9ENUpTN2JDSmVLVVRKSXh4ZkxUbHBZQ3hJZmVvVmRxNGt0cjV1ZURsR3lLQUwKeU5HL1pkaklOTittQm1yQ2VCYzhCUFNBbnZGVTErODJ6cU1GS3hhV2F0M0U2c1J3NWFTbFYwak8wWlppMkFDcQpoOXhrYUNEdUlxYkJ6YldtQm9qM3ViME15MzE5MHFSODU3TXY0ZjYvdXp1SmFPQ0tqQ0hLcllNbTYyUFI0cENLCkJJbXZlT29aOFlBa3lmRXNuQXI5TE1IYytrazQ1cHNQSFdyZDRTcXdRUzhQTnlvR0NiTWdHTFIyZFBZWldENE4KN29lSm94QnVacE04V2pHNjhsN1dqUmhpeVJlU05jT1A4UVYrWDlFZ0RZSm1UUTE1U09RbHJkOEVvbXd0Z3cyZwpPa2dPTzJLV3hrTjlVNFpyZlRXZDh5a3ZSK3RVSjQ2MTZvaE5VazZZcXRyaC9nUk1OVE9mUDJTVW5Kck1Qb0VvCk9HdW95V1R3UDROWEF4QSt4VzJ5SGwvNmJPM3ZKUzBwQWt6bEJJVWpOMlc3MDhzQ3YxUy9kYmxGajU1cUl0Vk0KZWhNSEU0UlhuNmQwNitOVjhIcTd5UkU9Ci0tLS0tRU5EIENFUlRJRklDQVRFLS0tLS0K"
              }
            ],
            "master_authorized_networks_config": [],
            "master_version": "1.33.2-gke.1240000",
            "mesh_certificates": [],
            "min_master_version": null,
            "monitoring_config": [
              {
                "advanced_datapath_observability_config": [
                  {
                    "enable_metrics": false,
                    "enable_relay": false,
                    "relay_mode": "DISABLED"
                  }
                ],
                "enable_components": [
                  "SYSTEM_COMPONENTS",
                  "JOBSET",
                  "STORAGE",
                  "HPA",
                  "POD",
                  "DAEMONSET",
                  "DEPLOYMENT",
                  "STATEFULSET",
                  "CADVISOR",
                  "KUBELET",
                  "DCGM"
                ],
                "managed_prometheus": [
                  {
                    "enabled": true
                  }
                ]
              }
            ],
            "monitoring_service": "monitoring.googleapis.com/kubernetes",
            "name": "terraform-cluster-lab-5",
            "network": "projects/devops-466923/global/networks/default",
            "network_policy": [
              {
                "enabled": false,
                "provider": "PROVIDER_UNSPECIFIED"
              }
            ],
            "networking_mode": "VPC_NATIVE",
            "node_config": [],
            "node_locations": [
              "southamerica-east1-a",
              "southamerica-east1-b",
              "southamerica-east1-c"
            ],
            "node_pool": [],
            "node_pool_auto_config": [
              {
                "network_tags": [],
                "node_kubelet_config": [
                  {
                    "insecure_kubelet_readonly_port_enabled": "FALSE"
                  }
                ],
                "resource_manager_tags": {}
              }
            ],
            "node_pool_defaults": [
              {
                "node_config_defaults": [
                  {
                    "containerd_config": [],
                    "insecure_kubelet_readonly_port_enabled": "FALSE",
                    "logging_variant": "DEFAULT"
                  }
                ]
              }
            ],
            "node_version": "1.33.2-gke.1240000",
            "notification_config": [
              {
                "pubsub": [
                  {
                    "enabled": false,
                    "filter": [],
                    "topic": ""
                  }
                ]
              }
            ],
            "operation": null,
            "private_cluster_config": [
              {
                "enable_private_endpoint": false,
                "enable_private_nodes": false,
                "master_global_access_config": [
                  {
                    "enabled": false
                  }
                ],
                "master_ipv4_cidr_block": "",
                "peering_name": "",
                "private_endpoint": "10.158.15.193",
                "private_endpoint_subnetwork": "",
                "public_endpoint": "34.95.210.83"
              }
            ],
            "private_ipv6_google_access": "",
            "project": "devops-466923",
            "release_channel": [
              {
                "channel": "REGULAR"
              }
            ],
            "remove_default_node_pool": true,
            "resource_labels": null,
            "resource_usage_export_config": [],
            "security_posture_config": [
              {
                "mode": "BASIC",
                "vulnerability_mode": "VULNERABILITY_MODE_UNSPECIFIED"
              }
            ],
            "self_link": "https://container.googleapis.com/v1/projects/devops-466923/locations/southamerica-east1/clusters/terraform-cluster-lab-5",
            "service_external_ips_config": [
              {
                "enabled": false
              }
            ],
            "services_ipv4_cidr": "34.118.224.0/20",
            "subnetwork": "projects/devops-466923/regions/southamerica-east1/subnetworks/default",
            "timeouts": null,
            "tpu_ipv4_cidr_block": "",
            "vertical_pod_autoscaling": [],
            "workload_identity_config": []
          },
          "sensitive_attributes": [
            [
              {
                "type": "get_attr",
                "value": "master_auth"
              },
              {
                "type": "index",
                "value": {
                  "value": 0,
                  "type": "number"
                }
              },
              {
                "type": "get_attr",
                "value": "client_key"
              }
            ]
          ],
          "identity_schema_version": 0,
          "private": "eyJlMmJmYjczMC1lY2FhLTExZTYtOGY4OC0zNDM2M2JjN2M0YzAiOnsiY3JlYXRlIjoyNDAwMDAwMDAwMDAwLCJkZWxldGUiOjI0MDAwMDAwMDAwMDAsInJlYWQiOjI0MDAwMDAwMDAwMDAsInVwZGF0ZSI6MzYwMDAwMDAwMDAwMH0sInNjaGVtYV92ZXJzaW9uIjoiMiJ9"
        }
      ]
    },
    {
      "module": "module.gke",
      "mode": "managed",
      "type": "google_container_node_pool",
      "name": "primary_nodes",
      "provider": "provider[\"registry.terraform.io/hashicorp/google\"]",
      "instances": [
        {
          "schema_version": 1,
          "attributes": {
            "autoscaling": [],
            "cluster": "terraform-cluster-lab-5",
            "id": "projects/devops-466923/locations/southamerica-east1/clusters/terraform-cluster-lab-5/nodePools/terraform-cluster-lab-5-pool",
            "initial_node_count": 1,
            "instance_group_urls": [
              "https://www.googleapis.com/compute/v1/projects/devops-466923/zones/southamerica-east1-c/instanceGroupManagers/gke-terraform-cluste-terraform-cluste-8d69c776-grp",
              "https://www.googleapis.com/compute/v1/projects/devops-466923/zones/southamerica-east1-a/instanceGroupManagers/gke-terraform-cluste-terraform-cluste-b1c14a75-grp",
              "https://www.googleapis.com/compute/v1/projects/devops-466923/zones/southamerica-east1-b/instanceGroupManagers/gke-terraform-cluste-terraform-cluste-6f62391e-grp"
            ],
            "location": "southamerica-east1",
            "managed_instance_group_urls": [
              "https://www.googleapis.com/compute/v1/projects/devops-466923/zones/southamerica-east1-c/instanceGroups/gke-terraform-cluste-terraform-cluste-8d69c776-grp",
              "https://www.googleapis.com/compute/v1/projects/devops-466923/zones/southamerica-east1-a/instanceGroups/gke-terraform-cluste-terraform-cluste-b1c14a75-grp",
              "https://www.googleapis.com/compute/v1/projects/devops-466923/zones/southamerica-east1-b/instanceGroups/gke-terraform-cluste-terraform-cluste-6f62391e-grp"
            ],
            "management": [
              {
                "auto_repair": true,
                "auto_upgrade": true
              }
            ],
            "max_pods_per_node": 110,
            "name": "terraform-cluster-lab-5-pool",
            "name_prefix": "",
            "network_config": [
              {
                "additional_node_network_configs": [],
                "additional_pod_network_configs": [],
                "create_pod_range": false,
                "enable_private_nodes": false,
                "network_performance_config": [],
                "pod_cidr_overprovision_config": [],
                "pod_ipv4_cidr_block": "10.40.0.0/14",
                "pod_range": "gke-terraform-cluster-lab-5-pods-f7070e1e"
              }
            ],
            "node_config": [
              {
                "advanced_machine_features": [],
                "boot_disk_kms_key": "",
                "confidential_nodes": [],
                "containerd_config": [],
                "disk_size_gb": 30,
                "disk_type": "pd-standard",
                "effective_taints": [],
                "enable_confidential_storage": false,
                "ephemeral_storage_local_ssd_config": [],
                "fast_socket": [],
                "gcfs_config": [],
                "guest_accelerator": [],
                "gvnic": [],
                "host_maintenance_policy": [],
                "image_type": "COS_CONTAINERD",
                "kubelet_config": [
                  {
                    "cpu_cfs_quota": false,
                    "cpu_cfs_quota_period": "",
                    "cpu_manager_policy": "",
                    "insecure_kubelet_readonly_port_enabled": "FALSE",
                    "pod_pids_limit": 0
                  }
                ],
                "labels": {},
                "linux_node_config": [],
                "local_nvme_ssd_block_config": [],
                "local_ssd_count": 0,
                "logging_variant": "DEFAULT",
                "machine_type": "e2-micro",
                "metadata": {
                  "disable-legacy-endpoints": "true"
                },
                "min_cpu_platform": "",
                "node_group": "",
                "oauth_scopes": [
                  "https://www.googleapis.com/auth/cloud-platform"
                ],
                "preemptible": false,
                "reservation_affinity": [],
                "resource_labels": {
                  "goog-gke-node-pool-provisioning-model": "on-demand"
                },
                "resource_manager_tags": null,
                "secondary_boot_disks": [],
                "service_account": "default",
                "shielded_instance_config": [
                  {
                    "enable_integrity_monitoring": true,
                    "enable_secure_boot": false
                  }
                ],
                "sole_tenant_config": [],
                "spot": false,
                "tags": null,
                "taint": [],
                "workload_metadata_config": []
              }
            ],
            "node_count": 1,
            "node_locations": [
              "southamerica-east1-a",
              "southamerica-east1-b",
              "southamerica-east1-c"
            ],
            "operation": null,
            "placement_policy": [],
            "project": "devops-466923",
            "queued_provisioning": [],
            "timeouts": null,
            "upgrade_settings": [
              {
                "blue_green_settings": [],
                "max_surge": 1,
                "max_unavailable": 0,
                "strategy": "SURGE"
              }
            ],
            "version": "1.33.2-gke.1240000"
          },
          "sensitive_attributes": [],
          "identity_schema_version": 0,
          "private": "eyJlMmJmYjczMC1lY2FhLTExZTYtOGY4OC0zNDM2M2JjN2M0YzAiOnsiY3JlYXRlIjoxODAwMDAwMDAwMDAwLCJkZWxldGUiOjE4MDAwMDAwMDAwMDAsInVwZGF0ZSI6MTgwMDAwMDAwMDAwMH0sInNjaGVtYV92ZXJzaW9uIjoiMSJ9",
          "dependencies": [
            "module.gke.google_container_cluster.primary"
          ]
        }
      ]
    },
    {
      "module": "module.pubsub",
      "mode": "managed",
      "type": "google_pubsub_subscription",
      "name": "sub",
      "provider": "provider[\"registry.terraform.io/hashicorp/google\"]",
      "instances": [
        {
          "schema_version": 0,
          "attributes": {
            "ack_deadline_seconds": 20,
            "bigquery_config": [],
            "cloud_storage_config": [],
            "dead_letter_policy": [],
            "effective_labels": {},
            "enable_exactly_once_delivery": false,
            "enable_message_ordering": false,
            "expiration_policy": [
              {
                "ttl": "2678400s"
              }
            ],
            "filter": "",
            "id": "projects/devops-466923/subscriptions/api-events-sub",
            "labels": null,
            "message_retention_duration": "604800s",
            "name": "api-events-sub",
            "project": "devops-466923",
            "push_config": [],
            "retain_acked_messages": false,
            "retry_policy": [],
            "terraform_labels": {},
            "timeouts": null,
            "topic": "projects/devops-466923/topics/api-events"
          },
          "sensitive_attributes": [],
          "identity_schema_version": 0,
          "private": "eyJlMmJmYjczMC1lY2FhLTExZTYtOGY4OC0zNDM2M2JjN2M0YzAiOnsiY3JlYXRlIjoxMjAwMDAwMDAwMDAwLCJkZWxldGUiOjEyMDAwMDAwMDAwMDAsInVwZGF0ZSI6MTIwMDAwMDAwMDAwMH19",
          "dependencies": [
            "module.pubsub.google_pubsub_topic.topic"
          ]
        }
      ]
    },
    {
      "module": "module.pubsub",
      "mode": "managed",
      "type": "google_pubsub_topic",
      "name": "topic",
      "provider": "provider[\"registry.terraform.io/hashicorp/google\"]",
      "instances": [
        {
          "schema_version": 0,
          "attributes": {
            "effective_labels": {},
            "id": "projects/devops-466923/topics/api-events",
            "ingestion_data_source_settings": [],
            "kms_key_name": "",
            "labels": null,
            "message_retention_duration": "",
            "message_storage_policy": [],
            "name": "api-events",
            "project": "devops-466923",
            "schema_settings": [],
            "terraform_labels": {},
            "timeouts": null
          },
          "sensitive_attributes": [],
          "identity_schema_version": 0,
          "private": "eyJlMmJmYjczMC1lY2FhLTExZTYtOGY4OC0zNDM2M2JjN2M0YzAiOnsiY3JlYXRlIjoxMjAwMDAwMDAwMDAwLCJkZWxldGUiOjEyMDAwMDAwMDAwMDAsInVwZGF0ZSI6MTIwMDAwMDAwMDAwMH19"
        }
      ]
    },
    {
      "module": "module.sql",
      "mode": "managed",
      "type": "google_sql_database",
      "name": "app",
      "provider": "provider[\"registry.terraform.io/hashicorp/google\"]",
      "instances": [
        {
          "schema_version": 0,
          "attributes": {
            "charset": "UTF8",
            "collation": "en_US.UTF8",
            "deletion_policy": "DELETE",
            "id": "projects/devops-466923/instances/lab-postgres/databases/appdb",
            "instance": "lab-postgres",
            "name": "appdb",
            "project": "devops-466923",
            "self_link": "https://sqladmin.googleapis.com/sql/v1beta4/projects/devops-466923/instances/lab-postgres/databases/appdb",
            "timeouts": null
          },
          "sensitive_attributes": [],
          "identity_schema_version": 0,
          "private": "eyJlMmJmYjczMC1lY2FhLTExZTYtOGY4OC0zNDM2M2JjN2M0YzAiOnsiY3JlYXRlIjoxMjAwMDAwMDAwMDAwLCJkZWxldGUiOjEyMDAwMDAwMDAwMDAsInVwZGF0ZSI6MTIwMDAwMDAwMDAwMH19",
          "dependencies": [
            "module.sql.google_sql_database_instance.db"
          ]
        }
      ]
    },
    {
      "module": "module.sql",
      "mode": "managed",
      "type": "google_sql_database_instance",
      "name": "db",
      "provider": "provider[\"registry.terraform.io/hashicorp/google\"]",
      "instances": [
        {
          "schema_version": 0,
          "attributes": {
            "available_maintenance_versions": [],
            "clone": [],
            "connection_name": "devops-466923:southamerica-east1:lab-postgres",
            "database_version": "POSTGRES_15",
            "deletion_protection": false,
            "dns_name": "",
            "encryption_key_name": null,
            "first_ip_address": "34.39.155.193",
            "id": "lab-postgres",
            "instance_type": "CLOUD_SQL_INSTANCE",
            "ip_address": [
              {
                "ip_address": "34.39.155.193",
                "time_to_retire": "",
                "type": "PRIMARY"
              },
              {
                "ip_address": "34.95.200.184",
                "time_to_retire": "",
                "type": "OUTGOING"
              }
            ],
            "maintenance_version": "POSTGRES_15_13.R20250302.00_31",
            "master_instance_name": "",
            "name": "lab-postgres",
            "private_ip_address": "",
            "project": "devops-466923",
            "psc_service_attachment_link": "",
            "public_ip_address": "34.39.155.193",
            "region": "southamerica-east1",
            "replica_configuration": [],
            "restore_backup_context": [],
            "root_password": null,
            "self_link": "https://sqladmin.googleapis.com/sql/v1beta4/projects/devops-466923/instances/lab-postgres",
            "server_ca_cert": [
              {
                "cert": "-----BEGIN CERTIFICATE-----\nMIIDfzCCAmegAwIBAgIBADANBgkqhkiG9w0BAQsFADB3MS0wKwYDVQQuEyRlZThm\nNWZiYi1hYjBiLTQ3YzItODEzNy05YzQ2NzFkM2ExYTQxIzAhBgNVBAMTGkdvb2ds\nZSBDbG91ZCBTUUwgU2VydmVyIENBMRQwEgYDVQQKEwtHb29nbGUsIEluYzELMAkG\nA1UEBhMCVVMwHhcNMjUwODI1MTkwNDE1WhcNMzUwODIzMTkwNTE1WjB3MS0wKwYD\nVQQuEyRlZThmNWZiYi1hYjBiLTQ3YzItODEzNy05YzQ2NzFkM2ExYTQxIzAhBgNV\nBAMTGkdvb2dsZSBDbG91ZCBTUUwgU2VydmVyIENBMRQwEgYDVQQKEwtHb29nbGUs\nIEluYzELMAkGA1UEBhMCVVMwggEiMA0GCSqGSIb3DQEBAQUAA4IBDwAwggEKAoIB\nAQCaPmzpVVvbQ4p6b0pc0gZKAJ9iFtMY+LVtlUlXorzWpyaJaoH9xzI39LDMyZMn\nFJkTaEMTPCvsb0kFHOCfG8z7yQSEB86YVbfwTcGtdk59tG7wYeZCbpcH8WSICMZB\nH1OS8Ra1YOeIiaOoFYEBCA/BzW/kManBiMF+obKqZp00qzC51Y4xEARiOjhiVs9R\nAMbv1mmws2GelLsDvNiRDBC+Z4mz4Jr2XqF8dD43C+foCHyaRREZaSNEWXYkq2eJ\naf6MDELqSC3YYp4eh0/Hyb/loCzi0wWJnK3XPu7QLsNRXduQjJuM/fHNufc3R9WJ\nQdYJDo01OzlqwjiBh2W5ZJP3AgMBAAGjFjAUMBIGA1UdEwEB/wQIMAYBAf8CAQAw\nDQYJKoZIhvcNAQELBQADggEBACAR4/94qcPm1SqoMQcu0m7LCchriOXATa8cF8Gq\n35sCZKKWPxYWXWWb5N+Bm9FlCnv8c0IcI1O2mWH/v8b+4kRlRWdpiGEba70cmMQx\n05OHNdn3/sSFBMutTMKCrc3rPb9IjC8bjWIJ2b47Nl26I9oEH64eSwr1QyFqHtki\nkks05asez845b3ZKe7s1acNHjXGwBD2bqmckvMuWfwehP7o9CPWXZe2eNQ3p3Gt1\nZ9Nh+MrRQ+0nP1Such3q7UooYiwEu52DWWTXWyXzrhTB4cNM504nVTMq2WPVuz+w\nKy+NdyRwnj361bfPHROP5Ig6KbJ4lCqPBg/aRyq3o3kQbrs=\n-----END CERTIFICATE-----",
                "common_name": "C=US,O=Google\\, Inc,CN=Google Cloud SQL Server CA,dnQualifier=ee8f5fbb-ab0b-47c2-8137-9c4671d3a1a4",
                "create_time": "2025-08-25T19:04:15.354Z",
                "expiration_time": "2035-08-23T19:05:15.354Z",
                "sha1_fingerprint": "dd07598ee2530e4b6518dbefc799cd67eaf9f853"
              }
            ],
            "service_account_email_address": "p256208240980-c6sa4h@gcp-sa-cloud-sql.iam.gserviceaccount.com",
            "settings": [
              {
                "activation_policy": "ALWAYS",
                "active_directory_config": [],
                "advanced_machine_features": [],
                "availability_type": "ZONAL",
                "backup_configuration": [
                  {
                    "backup_retention_settings": [
                      {
                        "retained_backups": 7,
                        "retention_unit": "COUNT"
                      }
                    ],
                    "binary_log_enabled": false,
                    "enabled": false,
                    "location": "",
                    "point_in_time_recovery_enabled": false,
                    "start_time": "09:00",
                    "transaction_log_retention_days": 7
                  }
                ],
                "collation": "",
                "connector_enforcement": "NOT_REQUIRED",
                "data_cache_config": [],
                "database_flags": [],
                "deletion_protection_enabled": false,
                "deny_maintenance_period": [],
                "disk_autoresize": true,
                "disk_autoresize_limit": 0,
                "disk_size": 10,
                "disk_type": "PD_SSD",
                "edition": "ENTERPRISE",
                "enable_dataplex_integration": false,
                "enable_google_ml_integration": false,
                "insights_config": [],
                "ip_configuration": [
                  {
                    "allocated_ip_range": "",
                    "authorized_networks": [
                      {
                        "expiration_time": "",
                        "name": "open-lab",
                        "value": "0.0.0.0/0"
                      }
                    ],
                    "enable_private_path_for_google_cloud_services": false,
                    "ipv4_enabled": true,
                    "private_network": "",
                    "psc_config": [],
                    "require_ssl": false,
                    "server_ca_mode": "GOOGLE_MANAGED_INTERNAL_CA",
                    "ssl_mode": ""
                  }
                ],
                "location_preference": [
                  {
                    "follow_gae_application": "",
                    "secondary_zone": "",
                    "zone": "southamerica-east1-b"
                  }
                ],
                "maintenance_window": [],
                "password_validation_policy": [],
                "pricing_plan": "PER_USE",
                "sql_server_audit_config": [],
                "tier": "db-f1-micro",
                "time_zone": "",
                "user_labels": {},
                "version": 1
              }
            ],
            "timeouts": null
          },
          "sensitive_attributes": [
            [
              {
                "type": "get_attr",
                "value": "root_password"
              }
            ],
            [
              {
                "type": "get_attr",
                "value": "server_ca_cert"
              }
            ]
          ],
          "identity_schema_version": 0,
          "private": "eyJlMmJmYjczMC1lY2FhLTExZTYtOGY4OC0zNDM2M2JjN2M0YzAiOnsiY3JlYXRlIjo1NDAwMDAwMDAwMDAwLCJkZWxldGUiOjU0MDAwMDAwMDAwMDAsInVwZGF0ZSI6NTQwMDAwMDAwMDAwMH19"
        }
      ]
    },
    {
      "module": "module.sql",
      "mode": "managed",
      "type": "google_sql_user",
      "name": "appuser",
      "provider": "provider[\"registry.terraform.io/hashicorp/google\"]",
      "instances": [
        {
          "schema_version": 1,
          "attributes": {
            "deletion_policy": null,
            "host": "",
            "id": "appuser//lab-postgres",
            "instance": "lab-postgres",
            "name": "appuser",
            "password": "torvisql",
            "password_policy": [],
            "project": "devops-466923",
            "sql_server_user_details": [],
            "timeouts": null,
            "type": ""
          },
          "sensitive_attributes": [
            [
              {
                "type": "get_attr",
                "value": "password"
              }
            ]
          ],
          "identity_schema_version": 0,
          "private": "eyJlMmJmYjczMC1lY2FhLTExZTYtOGY4OC0zNDM2M2JjN2M0YzAiOnsiY3JlYXRlIjo2MDAwMDAwMDAwMDAsImRlbGV0ZSI6NjAwMDAwMDAwMDAwLCJ1cGRhdGUiOjYwMDAwMDAwMDAwMH0sInNjaGVtYV92ZXJzaW9uIjoiMSJ9",
          "dependencies": [
            "module.sql.google_sql_database_instance.db"
          ]
        }
      ]
    }
  ],
  "check_results": null
}
