{
  "version": 4,
  "terraform_version": "1.5.7",
  "serial": 33,
  "lineage": "6637bac4-63fe-1a79-fffe-0a4dae4e9834",
  "outputs": {
    "endpoint": {
      "value": "35.198.52.106",
      "type": "string"
    },
    "terraform-cluster-4": {
      "value": "terraform-cluster-4",
      "type": "string"
    }
  },
  "resources": [
    {
      "mode": "managed",
      "type": "google_container_cluster",
      "name": "primary",
      "provider": "provider[\"registry.terraform.io/hashicorp/google\"]",
      "instances": [
        {
          "schema_version": 2,
          "attributes": {
            "addons_config": [
              {
                "cloudrun_config": [],
                "config_connector_config": [],
                "dns_cache_config": [],
                "gce_persistent_disk_csi_driver_config": [
                  {
                    "enabled": true
                  }
                ],
                "gcp_filestore_csi_driver_config": [],
                "gcs_fuse_csi_driver_config": [],
                "gke_backup_agent_config": [],
                "horizontal_pod_autoscaling": [],
                "http_load_balancing": [],
                "network_policy_config": [
                  {
                    "disabled": true
                  }
                ],
                "ray_operator_config": [],
                "stateful_ha_config": []
              }
            ],
            "allow_net_admin": null,
            "authenticator_groups_config": [],
            "binary_authorization": [
              {
                "enabled": false,
                "evaluation_mode": ""
              }
            ],
            "cluster_autoscaling": [
              {
                "auto_provisioning_defaults": [],
                "auto_provisioning_locations": [],
                "autoscaling_profile": "BALANCED",
                "enabled": false,
                "resource_limits": []
              }
            ],
            "cluster_ipv4_cidr": "10.16.0.0/14",
            "confidential_nodes": [],
            "cost_management_config": [],
            "database_encryption": [
              {
                "key_name": "",
                "state": "DECRYPTED"
              }
            ],
            "datapath_provider": "",
            "default_max_pods_per_node": 110,
            "default_snat_status": [
              {
                "disabled": false
              }
            ],
            "deletion_protection": false,
            "description": "",
            "dns_config": [],
            "enable_autopilot": false,
            "enable_cilium_clusterwide_network_policy": false,
            "enable_intranode_visibility": false,
            "enable_k8s_beta_apis": [],
            "enable_kubernetes_alpha": false,
            "enable_l4_ilb_subsetting": false,
            "enable_legacy_abac": false,
            "enable_multi_networking": false,
            "enable_shielded_nodes": true,
            "enable_tpu": false,
            "endpoint": "35.198.52.106",
            "fleet": [],
            "gateway_api_config": [],
            "id": "projects/devops-466923/locations/southamerica-east1/clusters/terraform-cluster-4",
            "identity_service_config": [],
            "initial_node_count": 1,
            "ip_allocation_policy": [
              {
                "additional_pod_ranges_config": [],
                "cluster_ipv4_cidr_block": "10.16.0.0/14",
                "cluster_secondary_range_name": "gke-terraform-cluster-4-pods-aeab258d",
                "pod_cidr_overprovision_config": [
                  {
                    "disabled": false
                  }
                ],
                "services_ipv4_cidr_block": "34.118.224.0/20",
                "services_secondary_range_name": "",
                "stack_type": "IPV4"
              }
            ],
            "label_fingerprint": "a9dc16a7",
            "location": "southamerica-east1",
            "logging_config": [
              {
                "enable_components": [
                  "SYSTEM_COMPONENTS",
                  "WORKLOADS"
                ]
              }
            ],
            "logging_service": "logging.googleapis.com/kubernetes",
            "maintenance_policy": [],
            "master_auth": [
              {
                "client_certificate": "",
                "client_certificate_config": [
                  {
                    "issue_client_certificate": false
                  }
                ],
                "client_key": "",
                "cluster_ca_certificate": "LS0tLS1CRUdJTiBDRVJUSUZJQ0FURS0tLS0tCk1JSUVMVENDQXBXZ0F3SUJBZ0lSQVAyMERhSFJYZW5mR3hGRlA2MUpNeUV3RFFZSktvWklodmNOQVFFTEJRQXcKTHpFdE1Dc0dBMVVFQXhNa05tRmtNR0V3TnpndE1EbGlZUzAwWXprMExUaGpaVFF0TkRNeE1HWTFZMlEzTURBMwpNQ0FYRFRJMU1EZ3lOVEV5TlRVeU5Gb1lEekl3TlRVd09ERTRNVE0xTlRJMFdqQXZNUzB3S3dZRFZRUURFeVEyCllXUXdZVEEzT0Mwd09XSmhMVFJqT1RRdE9HTmxOQzAwTXpFd1pqVmpaRGN3TURjd2dnR2lNQTBHQ1NxR1NJYjMKRFFFQkFRVUFBNElCandBd2dnR0tBb0lCZ1FEZllVODlFSlVnSzRoZDBUeC80NlArTWJvU2o0TWpPeWFndnJFWQpyYVN4eFdlTm9JV0VFMlIxU0JGazE2dmNqVFg4RDFtbHFsWjlYWHY4Q2JSMDljODhYL3Bpb0JmR2Nlc1pTY25tCm9pZzFvcER1Vkp4U3laeUFkWmJxWUd6bGI3NmgwMGRpMk5DWGVrbXk3YlNhbFFHcDAraVBXTklmUitkdTNlQW4KK2RLUGIzNDdDYVFCeVluR3Vtdm9tMGVST1RrZ1VqQTh6Sm1XSmdpWTkyYlVpU3lGK2ZOWXNyUGpqSUR1NUpNYwpURFBhMEtCcnFZb1RnaThuME9QTU1EQUNGNmcwd0xOcXZLcXUxVDhJQ0JuaUxDOE5vQ3FWYTRVa2p2a1VmVFAzCm5VYTdZRW5KOXhTMmJIWFVwRzcvelphRHhmQy8vaDFGZHE5N0pJVStYZENmV2Q1S3hMYXM1SkkyMjRlYXBFUjEKV2N3d256ZWxZWGs3a1FOWUNzSlp0NzQwNlpUMHZSWldEODNuOE5wdmFBZHR2eG4yL0Q2WCtJMGlWOSs1eHUyYwp1QU1xc1NnT0txc0lYS2hWSExBVkRxeTV4SHdTZHZYNU1OOW52VkNBTnBGYmdrOFQyeExESWpMV0V6UFFoTXVHClFPRHpOVHM5TnMyVlVWT2NwTTZSdEIyRFJLVUNBd0VBQWFOQ01FQXdEZ1lEVlIwUEFRSC9CQVFEQWdJRU1BOEcKQTFVZEV3RUIvd1FGTUFNQkFmOHdIUVlEVlIwT0JCWUVGTm9DN1JOZ3NyZW41VER1UUZFeU15bG1lU056TUEwRwpDU3FHU0liM0RRRUJDd1VBQTRJQmdRQTZSY2JaRjN2LzIzcnUxUEVQNEQ4aThlT1pWK3RySE1NaGhpUHRJVEhUClR2aFJpU0xuYVcrVExFR2Z6SGNLMkkyOWQrVlQ5dDQ4NSsyU0Q0a0JGVkFvaVZmYWZ5VUtZNjBvQzJxbEhRaGcKM3hnV1lzaDNaWDFCZjcvdFVGL2drVHE0cG1ldXBtSVJDT1ZJTk9RcS8zeFhZZEgwYUw1Z0RqTnVPdW9LTnJvUwpHWkpZeDBjcnFid0w4ektqUGxCQ0ZJK3NsSytZaldMOHRhM1hRMGowVE5LbFB3UWp6RFlDalprSnVSSmJ0NTUyClhLOXdjNkREdnBaLzRTdi9rSVhFYXFIVHB2eEZOb3RzQkFtUUZmQ1k3YmZENUpscURLSk44QUNiWEF4eUM2dHIKVUhUZFNlSVAwMTNVeGs3Vms0ZEZHcDRMVVhyeVRETWNCeFhNb2QyZnZHYjQrSU1GVDVtZzdIWWFNZlFSclhocApNTy9KNGxDWlpIaE5nenFZWnkzeE9kNmZOenNzRDhpZUJJalZudE5qb1hMOEo0QjgzVUMrdCsvWUM5VTEzSXNJCjFZYUdvMDN2V0NhMXFHRWlSdVcvRXMvUHM4Q2ZNdTlCYlRvc0ltSmhjNmM3a3FMSGluNm4rOWNtRjYyWFFsd2EKdDJ5WmUrOFBOaGI4MVBOeCtsdno2OEU9Ci0tLS0tRU5EIENFUlRJRklDQVRFLS0tLS0K"
              }
            ],
            "master_authorized_networks_config": [],
            "master_version": "1.33.2-gke.1240000",
            "mesh_certificates": [],
            "min_master_version": null,
            "monitoring_config": [
              {
                "advanced_datapath_observability_config": [
                  {
                    "enable_metrics": false,
                    "enable_relay": false,
                    "relay_mode": "DISABLED"
                  }
                ],
                "enable_components": [
                  "SYSTEM_COMPONENTS",
                  "JOBSET",
                  "STORAGE",
                  "HPA",
                  "POD",
                  "DAEMONSET",
                  "DEPLOYMENT",
                  "STATEFULSET",
                  "CADVISOR",
                  "KUBELET",
                  "DCGM"
                ],
                "managed_prometheus": [
                  {
                    "enabled": true
                  }
                ]
              }
            ],
            "monitoring_service": "monitoring.googleapis.com/kubernetes",
            "name": "terraform-cluster-4",
            "network": "projects/devops-466923/global/networks/default",
            "network_policy": [
              {
                "enabled": false,
                "provider": "PROVIDER_UNSPECIFIED"
              }
            ],
            "networking_mode": "VPC_NATIVE",
            "node_config": [],
            "node_locations": [
              "southamerica-east1-a",
              "southamerica-east1-b",
              "southamerica-east1-c"
            ],
            "node_pool": [],
            "node_pool_auto_config": [
              {
                "network_tags": [],
                "node_kubelet_config": [
                  {
                    "insecure_kubelet_readonly_port_enabled": "FALSE"
                  }
                ],
                "resource_manager_tags": {}
              }
            ],
            "node_pool_defaults": [
              {
                "node_config_defaults": [
                  {
                    "containerd_config": [],
                    "insecure_kubelet_readonly_port_enabled": "FALSE",
                    "logging_variant": "DEFAULT"
                  }
                ]
              }
            ],
            "node_version": "1.33.2-gke.1240000",
            "notification_config": [
              {
                "pubsub": [
                  {
                    "enabled": false,
                    "filter": [],
                    "topic": ""
                  }
                ]
              }
            ],
            "operation": null,
            "private_cluster_config": [
              {
                "enable_private_endpoint": false,
                "enable_private_nodes": false,
                "master_global_access_config": [
                  {
                    "enabled": false
                  }
                ],
                "master_ipv4_cidr_block": "",
                "peering_name": "",
                "private_endpoint": "10.158.0.58",
                "private_endpoint_subnetwork": "",
                "public_endpoint": "35.198.52.106"
              }
            ],
            "private_ipv6_google_access": "",
            "project": "devops-466923",
            "release_channel": [
              {
                "channel": "REGULAR"
              }
            ],
            "remove_default_node_pool": true,
            "resource_labels": null,
            "resource_usage_export_config": [],
            "security_posture_config": [
              {
                "mode": "BASIC",
                "vulnerability_mode": "VULNERABILITY_MODE_UNSPECIFIED"
              }
            ],
            "self_link": "https://container.googleapis.com/v1/projects/devops-466923/locations/southamerica-east1/clusters/terraform-cluster-4",
            "service_external_ips_config": [
              {
                "enabled": false
              }
            ],
            "services_ipv4_cidr": "34.118.224.0/20",
            "subnetwork": "projects/devops-466923/regions/southamerica-east1/subnetworks/default",
            "timeouts": null,
            "tpu_ipv4_cidr_block": "",
            "vertical_pod_autoscaling": [],
            "workload_identity_config": []
          },
          "sensitive_attributes": [],
          "private": "eyJlMmJmYjczMC1lY2FhLTExZTYtOGY4OC0zNDM2M2JjN2M0YzAiOnsiY3JlYXRlIjoyNDAwMDAwMDAwMDAwLCJkZWxldGUiOjI0MDAwMDAwMDAwMDAsInJlYWQiOjI0MDAwMDAwMDAwMDAsInVwZGF0ZSI6MzYwMDAwMDAwMDAwMH0sInNjaGVtYV92ZXJzaW9uIjoiMiJ9"
        }
      ]
    },
    {
      "mode": "managed",
      "type": "google_container_node_pool",
      "name": "primary_nodes",
      "provider": "provider[\"registry.terraform.io/hashicorp/google\"]",
      "instances": [
        {
          "schema_version": 1,
          "attributes": {
            "autoscaling": [],
            "cluster": "terraform-cluster-4",
            "id": "projects/devops-466923/locations/southamerica-east1/clusters/terraform-cluster-4/nodePools/terraform-cluster-4-pool",
            "initial_node_count": 1,
            "instance_group_urls": [
              "https://www.googleapis.com/compute/v1/projects/devops-466923/zones/southamerica-east1-a/instanceGroupManagers/gke-terraform-cluste-terraform-cluste-bc62203a-grp",
              "https://www.googleapis.com/compute/v1/projects/devops-466923/zones/southamerica-east1-b/instanceGroupManagers/gke-terraform-cluste-terraform-cluste-0f9e0094-grp",
              "https://www.googleapis.com/compute/v1/projects/devops-466923/zones/southamerica-east1-c/instanceGroupManagers/gke-terraform-cluste-terraform-cluste-f734c047-grp"
            ],
            "location": "southamerica-east1",
            "managed_instance_group_urls": [
              "https://www.googleapis.com/compute/v1/projects/devops-466923/zones/southamerica-east1-a/instanceGroups/gke-terraform-cluste-terraform-cluste-bc62203a-grp",
              "https://www.googleapis.com/compute/v1/projects/devops-466923/zones/southamerica-east1-b/instanceGroups/gke-terraform-cluste-terraform-cluste-0f9e0094-grp",
              "https://www.googleapis.com/compute/v1/projects/devops-466923/zones/southamerica-east1-c/instanceGroups/gke-terraform-cluste-terraform-cluste-f734c047-grp"
            ],
            "management": [
              {
                "auto_repair": true,
                "auto_upgrade": true
              }
            ],
            "max_pods_per_node": 110,
            "name": "terraform-cluster-4-pool",
            "name_prefix": "",
            "network_config": [
              {
                "additional_node_network_configs": [],
                "additional_pod_network_configs": [],
                "create_pod_range": false,
                "enable_private_nodes": false,
                "network_performance_config": [],
                "pod_cidr_overprovision_config": [],
                "pod_ipv4_cidr_block": "10.16.0.0/14",
                "pod_range": "gke-terraform-cluster-4-pods-aeab258d"
              }
            ],
            "node_config": [
              {
                "advanced_machine_features": [],
                "boot_disk_kms_key": "",
                "confidential_nodes": [],
                "containerd_config": [],
                "disk_size_gb": 30,
                "disk_type": "pd-standard",
                "effective_taints": [],
                "enable_confidential_storage": false,
                "ephemeral_storage_local_ssd_config": [],
                "fast_socket": [],
                "gcfs_config": [],
                "guest_accelerator": [],
                "gvnic": [],
                "host_maintenance_policy": [],
                "image_type": "COS_CONTAINERD",
                "kubelet_config": [
                  {
                    "cpu_cfs_quota": false,
                    "cpu_cfs_quota_period": "",
                    "cpu_manager_policy": "",
                    "insecure_kubelet_readonly_port_enabled": "FALSE",
                    "pod_pids_limit": 0
                  }
                ],
                "labels": {},
                "linux_node_config": [],
                "local_nvme_ssd_block_config": [],
                "local_ssd_count": 0,
                "logging_variant": "DEFAULT",
                "machine_type": "e2-micro",
                "metadata": {
                  "disable-legacy-endpoints": "true"
                },
                "min_cpu_platform": "",
                "node_group": "",
                "oauth_scopes": [
                  "https://www.googleapis.com/auth/cloud-platform"
                ],
                "preemptible": false,
                "reservation_affinity": [],
                "resource_labels": {
                  "goog-gke-node-pool-provisioning-model": "on-demand"
                },
                "resource_manager_tags": null,
                "secondary_boot_disks": [],
                "service_account": "default",
                "shielded_instance_config": [
                  {
                    "enable_integrity_monitoring": true,
                    "enable_secure_boot": false
                  }
                ],
                "sole_tenant_config": [],
                "spot": false,
                "tags": null,
                "taint": [],
                "workload_metadata_config": []
              }
            ],
            "node_count": 1,
            "node_locations": [
              "southamerica-east1-a",
              "southamerica-east1-b",
              "southamerica-east1-c"
            ],
            "operation": null,
            "placement_policy": [],
            "project": "devops-466923",
            "queued_provisioning": [],
            "timeouts": null,
            "upgrade_settings": [
              {
                "blue_green_settings": [],
                "max_surge": 1,
                "max_unavailable": 0,
                "strategy": "SURGE"
              }
            ],
            "version": "1.33.2-gke.1240000"
          },
          "sensitive_attributes": [],
          "private": "eyJlMmJmYjczMC1lY2FhLTExZTYtOGY4OC0zNDM2M2JjN2M0YzAiOnsiY3JlYXRlIjoxODAwMDAwMDAwMDAwLCJkZWxldGUiOjE4MDAwMDAwMDAwMDAsInVwZGF0ZSI6MTgwMDAwMDAwMDAwMH0sInNjaGVtYV92ZXJzaW9uIjoiMSJ9",
          "dependencies": [
            "google_container_cluster.primary"
          ]
        }
      ]
    }
  ],
  "check_results": null
}
