{
  "version": 4,
  "terraform_version": "1.5.7",
  "serial": 17,
  "lineage": "6637bac4-63fe-1a79-fffe-0a4dae4e9834",
  "outputs": {
    "cluster_name": {
      "value": "terraform-cluster-3",
      "type": "string"
    },
    "endpoint": {
      "value": "34.39.133.76",
      "type": "string"
    }
  },
  "resources": [
    {
      "mode": "managed",
      "type": "google_container_cluster",
      "name": "primary",
      "provider": "provider[\"registry.terraform.io/hashicorp/google\"]",
      "instances": [
        {
          "schema_version": 2,
          "attributes": {
            "addons_config": [
              {
                "cloudrun_config": [],
                "config_connector_config": [],
                "dns_cache_config": [],
                "gce_persistent_disk_csi_driver_config": [
                  {
                    "enabled": true
                  }
                ],
                "gcp_filestore_csi_driver_config": [],
                "gcs_fuse_csi_driver_config": [],
                "gke_backup_agent_config": [],
                "horizontal_pod_autoscaling": [],
                "http_load_balancing": [],
                "network_policy_config": [
                  {
                    "disabled": true
                  }
                ],
                "ray_operator_config": [],
                "stateful_ha_config": []
              }
            ],
            "allow_net_admin": null,
            "authenticator_groups_config": [],
            "binary_authorization": [
              {
                "enabled": false,
                "evaluation_mode": ""
              }
            ],
            "cluster_autoscaling": [
              {
                "auto_provisioning_defaults": [],
                "auto_provisioning_locations": [],
                "autoscaling_profile": "BALANCED",
                "enabled": false,
                "resource_limits": []
              }
            ],
            "cluster_ipv4_cidr": "10.8.0.0/14",
            "confidential_nodes": [],
            "cost_management_config": [],
            "database_encryption": [
              {
                "key_name": "",
                "state": "DECRYPTED"
              }
            ],
            "datapath_provider": "",
            "default_max_pods_per_node": 110,
            "default_snat_status": [
              {
                "disabled": false
              }
            ],
            "deletion_protection": true,
            "description": "",
            "dns_config": [],
            "enable_autopilot": false,
            "enable_cilium_clusterwide_network_policy": false,
            "enable_intranode_visibility": false,
            "enable_k8s_beta_apis": [],
            "enable_kubernetes_alpha": false,
            "enable_l4_ilb_subsetting": false,
            "enable_legacy_abac": false,
            "enable_multi_networking": false,
            "enable_shielded_nodes": true,
            "enable_tpu": false,
            "endpoint": "34.39.133.76",
            "fleet": [],
            "gateway_api_config": [],
            "id": "projects/devops-466923/locations/southamerica-east1/clusters/terraform-cluster-3",
            "identity_service_config": [],
            "initial_node_count": 2,
            "ip_allocation_policy": [
              {
                "additional_pod_ranges_config": [],
                "cluster_ipv4_cidr_block": "10.8.0.0/14",
                "cluster_secondary_range_name": "gke-terraform-cluster-3-pods-81d9854f",
                "pod_cidr_overprovision_config": [
                  {
                    "disabled": false
                  }
                ],
                "services_ipv4_cidr_block": "34.118.224.0/20",
                "services_secondary_range_name": "",
                "stack_type": "IPV4"
              }
            ],
            "label_fingerprint": "a9dc16a7",
            "location": "southamerica-east1",
            "logging_config": [
              {
                "enable_components": [
                  "SYSTEM_COMPONENTS",
                  "WORKLOADS"
                ]
              }
            ],
            "logging_service": "logging.googleapis.com/kubernetes",
            "maintenance_policy": [],
            "master_auth": [
              {
                "client_certificate": "",
                "client_certificate_config": [
                  {
                    "issue_client_certificate": false
                  }
                ],
                "client_key": "",
                "cluster_ca_certificate": "LS0tLS1CRUdJTiBDRVJUSUZJQ0FURS0tLS0tCk1JSUVMRENDQXBTZ0F3SUJBZ0lRVDJPNFpRNElla1pBbTRIZkhtSThOekFOQmdrcWhraUc5dzBCQVFzRkFEQXYKTVMwd0t3WURWUVFERXlRNE9HRTJObUkxWXkwMU1XWTNMVFE1WkdRdFlqQTJOUzFsTnpVMVpUY3hObVF3WldRdwpJQmNOTWpVd09ESXhNVFUwT0RVd1doZ1BNakExTlRBNE1UUXhOalE0TlRCYU1DOHhMVEFyQmdOVkJBTVRKRGc0CllUWTJZalZqTFRVeFpqY3RORGxrWkMxaU1EWTFMV1UzTlRWbE56RTJaREJsWkRDQ0FhSXdEUVlKS29aSWh2Y04KQVFFQkJRQURnZ0dQQURDQ0FZb0NnZ0dCQU1rdVJ2WlN0MFkzRy8rSUpVUDZzNGRBMWFodUMvQnQ2ODZqaVp0UAphTjBKSW5yOHZaS3N6SUJBQm1UVjZxdThQZGllU2JKbWlHS2tkdTdFeXFjSHRFQ3pvdkdPQ1lyazlWZGdLLzh2Cm1aM2svWlloaUNFdXNyRzZtaWtMVHhUWVRvbW4rYzkzWVhVS0N5dkU1WUl5UjhPRTJ4QlA4N3Yxd1ByTi9QdmQKVjZBNCtOLzcxMGRQTUJhdE9wcHcySmlCUGpYZUlLT0lZK3BBU1RGMlI4SUtNZHRWRmhBdWNielRGWlNWZjgwMwp2U0V6ZDV4WmNwY0k2YllUYUxnV2VOVkpBa1lwZEt1Z1M4R0htcVU1b00xcGp4a3NrQzZyZDhqNmVwOVVyNEZ1CkxzbEFwVmtyK1ZkNThqQW1RSU9VbGJ5Ti96TkhoZW9aeDlmMEdySHZsRmhTTnVUUDV6UktZYTI5c2lVTFRGQVEKOVY5SmdJMm9sdDlTR3dCdTFNanVPRk1aQkc4ZFZFL1dQK09Va3kzSVpkMHNtdGtHWW5YRWhFbFVnM0hidXVhVApjaUNLNnZ1bU85VFprTmxoR2Q4eU4xQ0ZmZFpvbHMxeklic3lXRkNmYmdiUTRVSC9rekE1UVF5cytpLzlpejh0CmZpY1dYZ0FtQmVnMW42dWlaYURZU3F6a2JRSURBUUFCbzBJd1FEQU9CZ05WSFE4QkFmOEVCQU1DQWdRd0R3WUQKVlIwVEFRSC9CQVV3QXdFQi96QWRCZ05WSFE0RUZnUVVUYjdRRmY1bUl1aERzU3QzanZvQjNlNzZiUTB3RFFZSgpLb1pJaHZjTkFRRUxCUUFEZ2dHQkFDdnlrVkttL2Jxb01EMkdDK0pGT1poWlA3d21SQWxpQ1V6Z1JURjdMajJFCm5LTXJzaTh1aGtwREliZUVMWnFsNHQ4ZGl1MnViaXB2R3duV2NyaTBwdTRvNGhQZzFGZWx3K2p5V3J1WVBkRFYKcTZrVDZ0MzhOR2dGRjdQN0J4anFwY0VHZkk1dkJqcFA2amFYSG5tblBsUk9wTTVGeHdCWGdxZmtEZnVUdGM3awovYUtGbnBXU2JGUU42Uk1heEVPYTYvOVVNR2hOclJXVnViZk43VlE0Smx4eENFbldWNlR0TFBjV1piNUNtTjIzCjFHMlJ1bk0rVXgydzRMRE9lUWxXQUlGczlUaVhBNXoyNC9YTWxLL2JaVm1sYTBxRUh2aWo1OFd5b1FNTUU3Z2IKb1ZsajhuYkJMckZlNjdHYXp6ZE5FSXdXSk9oT3lmNEowZGZpb0pKWlVNbmdZZTlCOU9wUFpZbmloelJKd0pUMApNM1JmUjhQSzI3NE5ZWnhJa3ptcmVJeVhDRDBHb0lTY0NvVkM3T1BDbnV4VXFBYmlXb1lHaHpmbHlWd2NXSXVFCmp2Y1dVVWJiMksvcm9aQmowNTkvRFd2VDF1aEoxTlBIdU01VkRMVWkzWmJQQis3N1NXcjZFWURsSHR5VGlDdW0KOGk1b0lRcW02My9pd2dPSHN6U2hXQT09Ci0tLS0tRU5EIENFUlRJRklDQVRFLS0tLS0K"
              }
            ],
            "master_authorized_networks_config": [],
            "master_version": "1.33.2-gke.1240000",
            "mesh_certificates": [],
            "min_master_version": null,
            "monitoring_config": [
              {
                "advanced_datapath_observability_config": [
                  {
                    "enable_metrics": false,
                    "enable_relay": false,
                    "relay_mode": "DISABLED"
                  }
                ],
                "enable_components": [
                  "SYSTEM_COMPONENTS",
                  "DAEMONSET",
                  "DEPLOYMENT",
                  "STATEFULSET",
                  "JOBSET",
                  "STORAGE",
                  "HPA",
                  "POD",
                  "CADVISOR",
                  "KUBELET",
                  "DCGM"
                ],
                "managed_prometheus": [
                  {
                    "enabled": true
                  }
                ]
              }
            ],
            "monitoring_service": "monitoring.googleapis.com/kubernetes",
            "name": "terraform-cluster-3",
            "network": "projects/devops-466923/global/networks/default",
            "network_policy": [
              {
                "enabled": false,
                "provider": "PROVIDER_UNSPECIFIED"
              }
            ],
            "networking_mode": "VPC_NATIVE",
            "node_config": [
              {
                "advanced_machine_features": [],
                "boot_disk_kms_key": "",
                "confidential_nodes": [],
                "containerd_config": [],
                "disk_size_gb": 50,
                "disk_type": "pd-standard",
                "effective_taints": [],
                "enable_confidential_storage": false,
                "ephemeral_storage_local_ssd_config": [],
                "fast_socket": [],
                "gcfs_config": [],
                "guest_accelerator": [],
                "gvnic": [],
                "host_maintenance_policy": [],
                "image_type": "COS_CONTAINERD",
                "kubelet_config": [
                  {
                    "cpu_cfs_quota": false,
                    "cpu_cfs_quota_period": "",
                    "cpu_manager_policy": "",
                    "insecure_kubelet_readonly_port_enabled": "FALSE",
                    "pod_pids_limit": 0
                  }
                ],
                "labels": {},
                "linux_node_config": [],
                "local_nvme_ssd_block_config": [],
                "local_ssd_count": 0,
                "logging_variant": "DEFAULT",
                "machine_type": "e2-micro",
                "metadata": {
                  "disable-legacy-endpoints": "true"
                },
                "min_cpu_platform": "",
                "node_group": "",
                "oauth_scopes": [
                  "https://www.googleapis.com/auth/devstorage.read_only",
                  "https://www.googleapis.com/auth/logging.write",
                  "https://www.googleapis.com/auth/monitoring",
                  "https://www.googleapis.com/auth/service.management.readonly",
                  "https://www.googleapis.com/auth/servicecontrol",
                  "https://www.googleapis.com/auth/trace.append"
                ],
                "preemptible": false,
                "reservation_affinity": [],
                "resource_labels": {
                  "goog-gke-node-pool-provisioning-model": "on-demand"
                },
                "resource_manager_tags": null,
                "secondary_boot_disks": [],
                "service_account": "default",
                "shielded_instance_config": [
                  {
                    "enable_integrity_monitoring": true,
                    "enable_secure_boot": false
                  }
                ],
                "sole_tenant_config": [],
                "spot": false,
                "tags": null,
                "taint": [],
                "workload_metadata_config": []
              }
            ],
            "node_locations": [
              "southamerica-east1-a",
              "southamerica-east1-b",
              "southamerica-east1-c"
            ],
            "node_pool": [
              {
                "autoscaling": [],
                "initial_node_count": 2,
                "instance_group_urls": [
                  "https://www.googleapis.com/compute/v1/projects/devops-466923/zones/southamerica-east1-c/instanceGroupManagers/gke-terraform-cluster-3-default-pool-12d30af4-grp",
                  "https://www.googleapis.com/compute/v1/projects/devops-466923/zones/southamerica-east1-b/instanceGroupManagers/gke-terraform-cluster-3-default-pool-e1b1b9b1-grp",
                  "https://www.googleapis.com/compute/v1/projects/devops-466923/zones/southamerica-east1-a/instanceGroupManagers/gke-terraform-cluster-3-default-pool-9df0b8e7-grp"
                ],
                "managed_instance_group_urls": [
                  "https://www.googleapis.com/compute/v1/projects/devops-466923/zones/southamerica-east1-c/instanceGroups/gke-terraform-cluster-3-default-pool-12d30af4-grp",
                  "https://www.googleapis.com/compute/v1/projects/devops-466923/zones/southamerica-east1-b/instanceGroups/gke-terraform-cluster-3-default-pool-e1b1b9b1-grp",
                  "https://www.googleapis.com/compute/v1/projects/devops-466923/zones/southamerica-east1-a/instanceGroups/gke-terraform-cluster-3-default-pool-9df0b8e7-grp"
                ],
                "management": [
                  {
                    "auto_repair": true,
                    "auto_upgrade": true
                  }
                ],
                "max_pods_per_node": 110,
                "name": "default-pool",
                "name_prefix": "",
                "network_config": [
                  {
                    "additional_node_network_configs": [],
                    "additional_pod_network_configs": [],
                    "create_pod_range": false,
                    "enable_private_nodes": false,
                    "network_performance_config": [],
                    "pod_cidr_overprovision_config": [],
                    "pod_ipv4_cidr_block": "10.8.0.0/14",
                    "pod_range": "gke-terraform-cluster-3-pods-81d9854f"
                  }
                ],
                "node_config": [
                  {
                    "advanced_machine_features": [],
                    "boot_disk_kms_key": "",
                    "confidential_nodes": [],
                    "containerd_config": [],
                    "disk_size_gb": 50,
                    "disk_type": "pd-standard",
                    "effective_taints": [],
                    "enable_confidential_storage": false,
                    "ephemeral_storage_local_ssd_config": [],
                    "fast_socket": [],
                    "gcfs_config": [],
                    "guest_accelerator": [],
                    "gvnic": [],
                    "host_maintenance_policy": [],
                    "image_type": "COS_CONTAINERD",
                    "kubelet_config": [
                      {
                        "cpu_cfs_quota": false,
                        "cpu_cfs_quota_period": "",
                        "cpu_manager_policy": "",
                        "insecure_kubelet_readonly_port_enabled": "FALSE",
                        "pod_pids_limit": 0
                      }
                    ],
                    "labels": {},
                    "linux_node_config": [],
                    "local_nvme_ssd_block_config": [],
                    "local_ssd_count": 0,
                    "logging_variant": "DEFAULT",
                    "machine_type": "e2-micro",
                    "metadata": {
                      "disable-legacy-endpoints": "true"
                    },
                    "min_cpu_platform": "",
                    "node_group": "",
                    "oauth_scopes": [
                      "https://www.googleapis.com/auth/devstorage.read_only",
                      "https://www.googleapis.com/auth/logging.write",
                      "https://www.googleapis.com/auth/monitoring",
                      "https://www.googleapis.com/auth/service.management.readonly",
                      "https://www.googleapis.com/auth/servicecontrol",
                      "https://www.googleapis.com/auth/trace.append"
                    ],
                    "preemptible": false,
                    "reservation_affinity": [],
                    "resource_labels": {
                      "goog-gke-node-pool-provisioning-model": "on-demand"
                    },
                    "resource_manager_tags": {},
                    "secondary_boot_disks": [],
                    "service_account": "default",
                    "shielded_instance_config": [
                      {
                        "enable_integrity_monitoring": true,
                        "enable_secure_boot": false
                      }
                    ],
                    "sole_tenant_config": [],
                    "spot": false,
                    "tags": [],
                    "taint": [],
                    "workload_metadata_config": []
                  }
                ],
                "node_count": 2,
                "node_locations": [
                  "southamerica-east1-a",
                  "southamerica-east1-b",
                  "southamerica-east1-c"
                ],
                "placement_policy": [],
                "queued_provisioning": [],
                "upgrade_settings": [
                  {
                    "blue_green_settings": [],
                    "max_surge": 1,
                    "max_unavailable": 0,
                    "strategy": "SURGE"
                  }
                ],
                "version": "1.33.2-gke.1240000"
              }
            ],
            "node_pool_auto_config": [
              {
                "network_tags": [],
                "node_kubelet_config": [
                  {
                    "insecure_kubelet_readonly_port_enabled": "FALSE"
                  }
                ],
                "resource_manager_tags": {}
              }
            ],
            "node_pool_defaults": [
              {
                "node_config_defaults": [
                  {
                    "containerd_config": [],
                    "insecure_kubelet_readonly_port_enabled": "FALSE",
                    "logging_variant": "DEFAULT"
                  }
                ]
              }
            ],
            "node_version": "1.33.2-gke.1240000",
            "notification_config": [
              {
                "pubsub": [
                  {
                    "enabled": false,
                    "filter": [],
                    "topic": ""
                  }
                ]
              }
            ],
            "operation": null,
            "private_cluster_config": [
              {
                "enable_private_endpoint": false,
                "enable_private_nodes": false,
                "master_global_access_config": [
                  {
                    "enabled": false
                  }
                ],
                "master_ipv4_cidr_block": "",
                "peering_name": "",
                "private_endpoint": "10.158.0.30",
                "private_endpoint_subnetwork": "",
                "public_endpoint": "34.39.133.76"
              }
            ],
            "private_ipv6_google_access": "",
            "project": "devops-466923",
            "release_channel": [
              {
                "channel": "REGULAR"
              }
            ],
            "remove_default_node_pool": null,
            "resource_labels": null,
            "resource_usage_export_config": [],
            "security_posture_config": [
              {
                "mode": "BASIC",
                "vulnerability_mode": "VULNERABILITY_MODE_UNSPECIFIED"
              }
            ],
            "self_link": "https://container.googleapis.com/v1/projects/devops-466923/locations/southamerica-east1/clusters/terraform-cluster-3",
            "service_external_ips_config": [
              {
                "enabled": false
              }
            ],
            "services_ipv4_cidr": "34.118.224.0/20",
            "subnetwork": "projects/devops-466923/regions/southamerica-east1/subnetworks/default",
            "timeouts": null,
            "tpu_ipv4_cidr_block": "",
            "vertical_pod_autoscaling": [],
            "workload_identity_config": []
          },
          "sensitive_attributes": [],
          "private": "eyJlMmJmYjczMC1lY2FhLTExZTYtOGY4OC0zNDM2M2JjN2M0YzAiOnsiY3JlYXRlIjoyNDAwMDAwMDAwMDAwLCJkZWxldGUiOjI0MDAwMDAwMDAwMDAsInJlYWQiOjI0MDAwMDAwMDAwMDAsInVwZGF0ZSI6MzYwMDAwMDAwMDAwMH0sInNjaGVtYV92ZXJzaW9uIjoiMiJ9"
        }
      ]
    }
  ],
  "check_results": null
}
