{
  "version": 4,
  "terraform_version": "1.5.7",
  "serial": 23,
  "lineage": "6637bac4-63fe-1a79-fffe-0a4dae4e9834",
  "outputs": {
    "cluster_name": {
      "value": "terraform-cluster-4",
      "type": "string"
    },
    "endpoint": {
      "value": "35.199.85.145",
      "type": "string"
    }
  },
  "resources": [
    {
      "mode": "managed",
      "type": "google_container_cluster",
      "name": "primary",
      "provider": "provider[\"registry.terraform.io/hashicorp/google\"]",
      "instances": [
        {
          "schema_version": 2,
          "attributes": {
            "addons_config": [
              {
                "cloudrun_config": [],
                "config_connector_config": [],
                "dns_cache_config": [],
                "gce_persistent_disk_csi_driver_config": [
                  {
                    "enabled": true
                  }
                ],
                "gcp_filestore_csi_driver_config": [],
                "gcs_fuse_csi_driver_config": [],
                "gke_backup_agent_config": [],
                "horizontal_pod_autoscaling": [],
                "http_load_balancing": [],
                "network_policy_config": [
                  {
                    "disabled": true
                  }
                ],
                "ray_operator_config": [],
                "stateful_ha_config": []
              }
            ],
            "allow_net_admin": null,
            "authenticator_groups_config": [],
            "binary_authorization": [
              {
                "enabled": false,
                "evaluation_mode": ""
              }
            ],
            "cluster_autoscaling": [
              {
                "auto_provisioning_defaults": [],
                "auto_provisioning_locations": [],
                "autoscaling_profile": "BALANCED",
                "enabled": false,
                "resource_limits": []
              }
            ],
            "cluster_ipv4_cidr": "10.12.0.0/14",
            "confidential_nodes": [],
            "cost_management_config": [],
            "database_encryption": [
              {
                "key_name": "",
                "state": "DECRYPTED"
              }
            ],
            "datapath_provider": "",
            "default_max_pods_per_node": 110,
            "default_snat_status": [
              {
                "disabled": false
              }
            ],
            "deletion_protection": false,
            "description": "",
            "dns_config": [],
            "enable_autopilot": false,
            "enable_cilium_clusterwide_network_policy": false,
            "enable_intranode_visibility": false,
            "enable_k8s_beta_apis": [],
            "enable_kubernetes_alpha": false,
            "enable_l4_ilb_subsetting": false,
            "enable_legacy_abac": false,
            "enable_multi_networking": false,
            "enable_shielded_nodes": true,
            "enable_tpu": false,
            "endpoint": "35.199.85.145",
            "fleet": [],
            "gateway_api_config": [],
            "id": "projects/devops-466923/locations/southamerica-east1/clusters/terraform-cluster-4",
            "identity_service_config": [],
            "initial_node_count": 1,
            "ip_allocation_policy": [
              {
                "additional_pod_ranges_config": [],
                "cluster_ipv4_cidr_block": "10.12.0.0/14",
                "cluster_secondary_range_name": "gke-terraform-cluster-4-pods-e3e31468",
                "pod_cidr_overprovision_config": [
                  {
                    "disabled": false
                  }
                ],
                "services_ipv4_cidr_block": "34.118.224.0/20",
                "services_secondary_range_name": "",
                "stack_type": "IPV4"
              }
            ],
            "label_fingerprint": "a9dc16a7",
            "location": "southamerica-east1",
            "logging_config": [
              {
                "enable_components": [
                  "SYSTEM_COMPONENTS",
                  "WORKLOADS"
                ]
              }
            ],
            "logging_service": "logging.googleapis.com/kubernetes",
            "maintenance_policy": [],
            "master_auth": [
              {
                "client_certificate": "",
                "client_certificate_config": [
                  {
                    "issue_client_certificate": false
                  }
                ],
                "client_key": "",
                "cluster_ca_certificate": "LS0tLS1CRUdJTiBDRVJUSUZJQ0FURS0tLS0tCk1JSUVMVENDQXBXZ0F3SUJBZ0lSQUlRbVBSTlFjRVgyK3ArWnpUaTg3Rnd3RFFZSktvWklodmNOQVFFTEJRQXcKTHpFdE1Dc0dBMVVFQXhNa1lUbGhZek5oWXpFdE5qSmtNQzAwTXpVd0xUbGpZMlF0WlRRd1pqZ3dPRGxqWldFegpNQ0FYRFRJMU1EZ3lNakV5TURZeU5Wb1lEekl3TlRVd09ERTFNVE13TmpJMVdqQXZNUzB3S3dZRFZRUURFeVJoCk9XRmpNMkZqTVMwMk1tUXdMVFF6TlRBdE9XTmpaQzFsTkRCbU9EQTRPV05sWVRNd2dnR2lNQTBHQ1NxR1NJYjMKRFFFQkFRVUFBNElCandBd2dnR0tBb0lCZ1FESXR3TEkzQjFyT2hVbWdsU3EzMTVBQU5IMTB3NDhZVGRmT1o4VwpiWVBoTkNCWSsyT3ZRMVh1SlJmWnZJdzZMcFZDc0ZJNG5QVGhaRHpZVkdaNmdMaXhIb1cwd0pKMTc5VFpLc3ZrCkZhVFNLeE1ZUHE5ZlVKd2xHTm1MSkp2THU0UjFhUHVHdE9zL3NmSGNQY1pUcWxpR1FKSDlLZk1hbjhZMU1zYWkKdmZCcmh3cnZiMmdKL2I0Y3JGSXdSTGNsNHdHOVFTZ0lJL0x4WFBqOWdweGo0QUZWOHJUenB6ODI2YnhmNDFkYwpxaDhaNkF3b25zdHZ2amMwcXdvWG1sR00yTlpZV3dQUWFNV1hjcjhzdndxVHcyejFhL1paN2lHRlpERjNJdVpLCkRaYllqU3RqYzN4WFdsQUpKWGRZWWZBbzk2RWtKb0FYWldCbUtjemd6dnhiL3VWNVB3cTRlbGJjV2RSZEdFZDYKTzFZUjFlVzM4eEtFZUFDQkM5L05MeHgzWUFQYTRsWWY0QnZ5MHRnZ1ZNSFNCTy9mcnpscElkL0g3QzN1a2ZHRgpmWDdPbzhpNTZjb0JOSlYvZTJQWFdQQ1liYktmdGoreGlFb2pqUHd3QXFwNWVnMjY4S3RDZlBEWGZablZWRnBnCms3bVJ4eVdGNlIyZE94czZEUk92eGtaemJFY0NBd0VBQWFOQ01FQXdEZ1lEVlIwUEFRSC9CQVFEQWdJRU1BOEcKQTFVZEV3RUIvd1FGTUFNQkFmOHdIUVlEVlIwT0JCWUVGQlp1aEhFT25vRDlzYkI2RUJ0cndNYnZqTXhlTUEwRwpDU3FHU0liM0RRRUJDd1VBQTRJQmdRQk9mbTkrUjFCK1QrYXhyNmNoRGlkaUNFUjBZK3ZwaWh6dVVMOUY1R2tBCkFnNjVhNnptT3gwWG1qZWdzeTBFalFwdHkvdlhnNmIvQWNSd1ZhT0h5WnpnM1M3TEJFSThXRi9OZ2hLYURMOFUKMVRnWDY0czk4Q3NNQW5Tb1JXQ0o1cmc1QWpHQXdyU1FTNjBVbjFQci9sNlNEQXpaYSsrOTQ4cEgyQ1RJSEIwNQp5alpabmoySVNtVmdhVkdkWFVzMnRBQ0pDNE44N3E1RElDeDJQR2RpcitEaHZla0M5M1FmUHZ5UWxjSFl0d2RyCkN4Y2wvd1REMGlTK2tXSk1NcXpRVFlZYWtCTmVPSkNacHlTdXhRT2hTbTdNTjNoVGlzakxIVEJXUDlZN2ZkbmIKL1BOajdRaUNvQWdyNDRFbkRhRFNxSUUxdU42aVNqczJZQlBBOWo3aFRNNWZ4dXlYQ2tpMm9KRU94UDFLOTBWegpDK3BNNzZYNG82TEpUU2FGTzVkK29MQVczRWlqcDVEbmxHVm9VT3hCMTBtWGRsYzIrWUZoMnk4WkxlVzIvb3krCitFekVJMkxLN0RkaCtTRmtXZTEyenAzVnVmUW5WY3duUHY4Zm56aWRmZXdSUGpkdHZGRVVOa1gxdlV6R3pGU2MKSC9qYnAwSExMSUt5dWlBOWhjUGtyaWs9Ci0tLS0tRU5EIENFUlRJRklDQVRFLS0tLS0K"
              }
            ],
            "master_authorized_networks_config": [],
            "master_version": "1.33.2-gke.1240000",
            "mesh_certificates": [],
            "min_master_version": null,
            "monitoring_config": [
              {
                "advanced_datapath_observability_config": [
                  {
                    "enable_metrics": false,
                    "enable_relay": false,
                    "relay_mode": "DISABLED"
                  }
                ],
                "enable_components": [
                  "SYSTEM_COMPONENTS",
                  "DEPLOYMENT",
                  "STATEFULSET",
                  "JOBSET",
                  "STORAGE",
                  "HPA",
                  "POD",
                  "DAEMONSET",
                  "CADVISOR",
                  "KUBELET",
                  "DCGM"
                ],
                "managed_prometheus": [
                  {
                    "enabled": true
                  }
                ]
              }
            ],
            "monitoring_service": "monitoring.googleapis.com/kubernetes",
            "name": "terraform-cluster-4",
            "network": "projects/devops-466923/global/networks/default",
            "network_policy": [
              {
                "enabled": false,
                "provider": "PROVIDER_UNSPECIFIED"
              }
            ],
            "networking_mode": "VPC_NATIVE",
            "node_config": [],
            "node_locations": [
              "southamerica-east1-a",
              "southamerica-east1-b",
              "southamerica-east1-c"
            ],
            "node_pool": [],
            "node_pool_auto_config": [
              {
                "network_tags": [],
                "node_kubelet_config": [
                  {
                    "insecure_kubelet_readonly_port_enabled": "FALSE"
                  }
                ],
                "resource_manager_tags": {}
              }
            ],
            "node_pool_defaults": [
              {
                "node_config_defaults": [
                  {
                    "containerd_config": [],
                    "insecure_kubelet_readonly_port_enabled": "FALSE",
                    "logging_variant": "DEFAULT"
                  }
                ]
              }
            ],
            "node_version": "1.33.2-gke.1240000",
            "notification_config": [
              {
                "pubsub": [
                  {
                    "enabled": false,
                    "filter": [],
                    "topic": ""
                  }
                ]
              }
            ],
            "operation": null,
            "private_cluster_config": [
              {
                "enable_private_endpoint": false,
                "enable_private_nodes": false,
                "master_global_access_config": [
                  {
                    "enabled": false
                  }
                ],
                "master_ipv4_cidr_block": "",
                "peering_name": "",
                "private_endpoint": "10.158.0.44",
                "private_endpoint_subnetwork": "",
                "public_endpoint": "35.199.85.145"
              }
            ],
            "private_ipv6_google_access": "",
            "project": "devops-466923",
            "release_channel": [
              {
                "channel": "REGULAR"
              }
            ],
            "remove_default_node_pool": true,
            "resource_labels": null,
            "resource_usage_export_config": [],
            "security_posture_config": [
              {
                "mode": "BASIC",
                "vulnerability_mode": "VULNERABILITY_MODE_UNSPECIFIED"
              }
            ],
            "self_link": "https://container.googleapis.com/v1/projects/devops-466923/locations/southamerica-east1/clusters/terraform-cluster-4",
            "service_external_ips_config": [
              {
                "enabled": false
              }
            ],
            "services_ipv4_cidr": "34.118.224.0/20",
            "subnetwork": "projects/devops-466923/regions/southamerica-east1/subnetworks/default",
            "timeouts": null,
            "tpu_ipv4_cidr_block": "",
            "vertical_pod_autoscaling": [],
            "workload_identity_config": []
          },
          "sensitive_attributes": [],
          "private": "eyJlMmJmYjczMC1lY2FhLTExZTYtOGY4OC0zNDM2M2JjN2M0YzAiOnsiY3JlYXRlIjoyNDAwMDAwMDAwMDAwLCJkZWxldGUiOjI0MDAwMDAwMDAwMDAsInJlYWQiOjI0MDAwMDAwMDAwMDAsInVwZGF0ZSI6MzYwMDAwMDAwMDAwMH0sInNjaGVtYV92ZXJzaW9uIjoiMiJ9"
        }
      ]
    },
    {
      "mode": "managed",
      "type": "google_container_node_pool",
      "name": "primary_nodes",
      "provider": "provider[\"registry.terraform.io/hashicorp/google\"]",
      "instances": [
        {
          "schema_version": 1,
          "attributes": {
            "autoscaling": [],
            "cluster": "terraform-cluster-4",
            "id": "projects/devops-466923/locations/southamerica-east1/clusters/terraform-cluster-4/nodePools/terraform-cluster-4-pool",
            "initial_node_count": 1,
            "instance_group_urls": [
              "https://www.googleapis.com/compute/v1/projects/devops-466923/zones/southamerica-east1-b/instanceGroupManagers/gke-terraform-cluste-terraform-cluste-a1bfd6ed-grp",
              "https://www.googleapis.com/compute/v1/projects/devops-466923/zones/southamerica-east1-a/instanceGroupManagers/gke-terraform-cluste-terraform-cluste-495d3cd4-grp",
              "https://www.googleapis.com/compute/v1/projects/devops-466923/zones/southamerica-east1-c/instanceGroupManagers/gke-terraform-cluste-terraform-cluste-f0c68880-grp"
            ],
            "location": "southamerica-east1",
            "managed_instance_group_urls": [
              "https://www.googleapis.com/compute/v1/projects/devops-466923/zones/southamerica-east1-b/instanceGroups/gke-terraform-cluste-terraform-cluste-a1bfd6ed-grp",
              "https://www.googleapis.com/compute/v1/projects/devops-466923/zones/southamerica-east1-a/instanceGroups/gke-terraform-cluste-terraform-cluste-495d3cd4-grp",
              "https://www.googleapis.com/compute/v1/projects/devops-466923/zones/southamerica-east1-c/instanceGroups/gke-terraform-cluste-terraform-cluste-f0c68880-grp"
            ],
            "management": [
              {
                "auto_repair": true,
                "auto_upgrade": true
              }
            ],
            "max_pods_per_node": 110,
            "name": "terraform-cluster-4-pool",
            "name_prefix": "",
            "network_config": [
              {
                "additional_node_network_configs": [],
                "additional_pod_network_configs": [],
                "create_pod_range": false,
                "enable_private_nodes": false,
                "network_performance_config": [],
                "pod_cidr_overprovision_config": [],
                "pod_ipv4_cidr_block": "10.12.0.0/14",
                "pod_range": "gke-terraform-cluster-4-pods-e3e31468"
              }
            ],
            "node_config": [
              {
                "advanced_machine_features": [],
                "boot_disk_kms_key": "",
                "confidential_nodes": [],
                "containerd_config": [],
                "disk_size_gb": 30,
                "disk_type": "pd-standard",
                "effective_taints": [],
                "enable_confidential_storage": false,
                "ephemeral_storage_local_ssd_config": [],
                "fast_socket": [],
                "gcfs_config": [],
                "guest_accelerator": [],
                "gvnic": [],
                "host_maintenance_policy": [],
                "image_type": "COS_CONTAINERD",
                "kubelet_config": [
                  {
                    "cpu_cfs_quota": false,
                    "cpu_cfs_quota_period": "",
                    "cpu_manager_policy": "",
                    "insecure_kubelet_readonly_port_enabled": "FALSE",
                    "pod_pids_limit": 0
                  }
                ],
                "labels": {},
                "linux_node_config": [],
                "local_nvme_ssd_block_config": [],
                "local_ssd_count": 0,
                "logging_variant": "DEFAULT",
                "machine_type": "e2-micro",
                "metadata": {
                  "disable-legacy-endpoints": "true"
                },
                "min_cpu_platform": "",
                "node_group": "",
                "oauth_scopes": [
                  "https://www.googleapis.com/auth/cloud-platform"
                ],
                "preemptible": false,
                "reservation_affinity": [],
                "resource_labels": {
                  "goog-gke-node-pool-provisioning-model": "on-demand"
                },
                "resource_manager_tags": null,
                "secondary_boot_disks": [],
                "service_account": "default",
                "shielded_instance_config": [
                  {
                    "enable_integrity_monitoring": true,
                    "enable_secure_boot": false
                  }
                ],
                "sole_tenant_config": [],
                "spot": false,
                "tags": null,
                "taint": [],
                "workload_metadata_config": []
              }
            ],
            "node_count": 1,
            "node_locations": [
              "southamerica-east1-a",
              "southamerica-east1-b",
              "southamerica-east1-c"
            ],
            "operation": null,
            "placement_policy": [],
            "project": "devops-466923",
            "queued_provisioning": [],
            "timeouts": null,
            "upgrade_settings": [
              {
                "blue_green_settings": [],
                "max_surge": 1,
                "max_unavailable": 0,
                "strategy": "SURGE"
              }
            ],
            "version": "1.33.2-gke.1240000"
          },
          "sensitive_attributes": [],
          "private": "eyJlMmJmYjczMC1lY2FhLTExZTYtOGY4OC0zNDM2M2JjN2M0YzAiOnsiY3JlYXRlIjoxODAwMDAwMDAwMDAwLCJkZWxldGUiOjE4MDAwMDAwMDAwMDAsInVwZGF0ZSI6MTgwMDAwMDAwMDAwMH0sInNjaGVtYV92ZXJzaW9uIjoiMSJ9",
          "dependencies": [
            "google_container_cluster.primary"
          ]
        }
      ]
    }
  ],
  "check_results": null
}
